
Microsoft Visual Studio Solution File, Format Version 12.00
# Visual Studio 15
VisualStudioVersion = 15.0.28307.572
MinimumVisualStudioVersion = 10.0.40219.1
Project("{FAE04EC0-301F-11D3-BF4B-00C04F79EFBC}") = "RabbitTestApp", "RabbitTestApp\RabbitTestApp.csproj", "{49038EBD-BD8C-4FC0-9AF4-61119C911858}"
EndProject
Project("{E53339B2-1760-4266-BCC7-CA923CBCF16C}") = "docker-compose", "docker-compose.dcproj", "{05CBE209-B4BD-45F4-9094-B594ADC19482}"
EndProject
Project("{FAE04EC0-301F-11D3-BF4B-00C04F79EFBC}") = "Events", "Events\Events.csproj", "{01EA96CA-71FE-4F2C-B973-D41CE9258706}"
EndProject
Project("{FAE04EC0-301F-11D3-BF4B-00C04F79EFBC}") = "EventHandlers", "EventHandlers\EventHandlers.csproj", "{B826F5A6-394F-4338-9019-A4C7E215E2CE}"
EndProject
Global
	GlobalSection(SolutionConfigurationPlatforms) = preSolution
		Debug|Any CPU = Debug|Any CPU
		Release|Any CPU = Release|Any CPU
	EndGlobalSection
	GlobalSection(ProjectConfigurationPlatforms) = postSolution
		{49038EBD-BD8C-4FC0-9AF4-61119C911858}.Debug|Any CPU.ActiveCfg = Debug|Any CPU
		{49038EBD-BD8C-4FC0-9AF4-61119C911858}.Debug|Any CPU.Build.0 = Debug|Any CPU
		{49038EBD-BD8C-4FC0-9AF4-61119C911858}.Release|Any CPU.ActiveCfg = Release|Any CPU
		{49038EBD-BD8C-4FC0-9AF4-61119C911858}.Release|Any CPU.Build.0 = Release|Any CPU
		{05CBE209-B4BD-45F4-9094-B594ADC19482}.Debug|Any CPU.ActiveCfg = Debug|Any CPU
		{05CBE209-B4BD-45F4-9094-B594ADC19482}.Debug|Any CPU.Build.0 = Debug|Any CPU
		{05CBE209-B4BD-45F4-9094-B594ADC19482}.Release|Any CPU.ActiveCfg = Release|Any CPU
		{05CBE209-B4BD-45F4-9094-B594ADC19482}.Release|Any CPU.Build.0 = Release|Any CPU
		{01EA96CA-71FE-4F2C-B973-D41CE9258706}.Debug|Any CPU.ActiveCfg = Debug|Any CPU
		{01EA96CA-71FE-4F2C-B973-D41CE9258706}.Debug|Any CPU.Build.0 = Debug|Any CPU
		{01EA96CA-71FE-4F2C-B973-D41CE9258706}.Release|Any CPU.ActiveCfg = Release|Any CPU
		{01EA96CA-71FE-4F2C-B973-D41CE9258706}.Release|Any CPU.Build.0 = Release|Any CPU
		{B826F5A6-394F-4338-9019-A4C7E215E2CE}.Debug|Any CPU.ActiveCfg = Debug|Any CPU
		{B826F5A6-394F-4338-9019-A4C7E215E2CE}.Debug|Any CPU.Build.0 = Debug|Any CPU
		{B826F5A6-394F-4338-9019-A4C7E215E2CE}.Release|Any CPU.ActiveCfg = Release|Any CPU
		{B826F5A6-394F-4338-9019-A4C7E215E2CE}.Release|Any CPU.Build.0 = Release|Any CPU
	EndGlobalSection
	GlobalSection(SolutionProperties) = preSolution
		HideSolutionNode = FALSE
	EndGlobalSection
	GlobalSection(ExtensibilityGlobals) = postSolution
		SolutionGuid = {50DABEBA-D1E5-4EE4-8D62-3FC595F41675}
	EndGlobalSection
EndGlobal
